<?xml version="1.0" encoding="utf-8"?>
<Project ToolsVersion="4.0" xmlns="http://schemas.microsoft.com/developer/msbuild/2003">
  <ItemGroup>
    <Filter Include="Archivos de código fuente">
      <UniqueIdentifier>{4FC737F1-C7A5-4376-A066-2A32D752A2FF}</UniqueIdentifier>
      <Extensions>cpp;c;cc;cxx;def;odl;idl;hpj;bat;asm;asmx</Extensions>
    </Filter>
    <Filter Include="Archivos de encabezado">
      <UniqueIdentifier>{93995380-89BD-4b04-88EB-625FBE52EBFB}</UniqueIdentifier>
      <Extensions>h;hh;hpp;hxx;hm;inl;inc;xsd</Extensions>
    </Filter>
    <Filter Include="Archivos de recursos">
      <UniqueIdentifier>{67DA6AB6-F800-4c08-8B7A-83BB121AAD01}</UniqueIdentifier>
      <Extensions>rc;ico;cur;bmp;dlg;rc2;rct;bin;rgs;gif;jpg;jpeg;jpe;resx;tiff;tif;png;wav;mfcribbon-ms</Extensions>
    </Filter>
    <Filter Include="Ficheros de configuración">
      <UniqueIdentifier>{11e78c08-ee40-459a-a0ec-e8b2aa2b8866}</UniqueIdentifier>
    </Filter>
    <Filter Include="Librería EasyLogging">
      <UniqueIdentifier>{8048e31b-7948-4a92-a726-d894ed8b9564}</UniqueIdentifier>
    </Filter>
    <Filter Include="Información de proyecto">
      <UniqueIdentifier>{b090c142-b6fd-4993-98a9-86356803a59f}</UniqueIdentifier>
    </Filter>
    <Filter Include="Logs">
      <UniqueIdentifier>{b5432798-9057-4f3d-98b9-bbb6dcfec3c5}</UniqueIdentifier>
    </Filter>
  </ItemGroup>
  <ItemGroup>
    <ClCompile Include="ARGOSLandingPad.cpp">
      <Filter>Archivos de código fuente</Filter>
    </ClCompile>
    <ClCompile Include="Marker.cpp">
      <Filter>Archivos de código fuente</Filter>
    </ClCompile>
    <ClCompile Include="DetectionEngine.cpp">
      <Filter>Archivos de código fuente</Filter>
    </ClCompile>
    <ClCompile Include="DetectionMethod.cpp">
      <Filter>Archivos de código fuente</Filter>
    </ClCompile>
    <ClCompile Include="DMMSQI.cpp">
      <Filter>Archivos de código fuente</Filter>
    </ClCompile>
    <ClCompile Include="DMThresholdContour.cpp">
      <Filter>Archivos de código fuente</Filter>
    </ClCompile>
  </ItemGroup>
  <ItemGroup>
    <ClInclude Include="Definitions.h">
      <Filter>Archivos de encabezado</Filter>
    </ClInclude>
    <ClInclude Include="Marker.h">
      <Filter>Archivos de encabezado</Filter>
    </ClInclude>
    <ClInclude Include="Profiling.h">
      <Filter>Archivos de encabezado</Filter>
    </ClInclude>
    <ClInclude Include="DetectionEngine.h">
      <Filter>Archivos de encabezado</Filter>
    </ClInclude>
    <ClInclude Include="DetectionMethod.h">
      <Filter>Archivos de encabezado</Filter>
    </ClInclude>
    <ClInclude Include="DMIdentifiers.h">
      <Filter>Archivos de encabezado</Filter>
    </ClInclude>
    <ClInclude Include="DMMSQI.h">
      <Filter>Archivos de encabezado</Filter>
    </ClInclude>
    <ClInclude Include="DMThresholdContour.h">
      <Filter>Archivos de encabezado</Filter>
    </ClInclude>
    <ClInclude Include="EasyLogging\easylogging++.h">
      <Filter>Librería EasyLogging</Filter>
    </ClInclude>
  </ItemGroup>
  <ItemGroup>
    <None Include="ARGOSMarkerTypesV2.yml">
      <Filter>Ficheros de configuración</Filter>
    </None>
    <None Include="EasyLogging\EasyLogging.md">
      <Filter>Librería EasyLogging</Filter>
    </None>
  </ItemGroup>
  <ItemGroup>
    <Text Include="ARGOSLoggingConfig.txt">
      <Filter>Ficheros de configuración</Filter>
    </Text>
    <Text Include="ChangeLog.txt">
      <Filter>Información de proyecto</Filter>
    </Text>
    <Text Include="logs\ARGOSLandingPad.log">
      <Filter>Logs</Filter>
    </Text>
    <Text Include="logs\DML-MSQI.log">
      <Filter>Logs</Filter>
    </Text>
    <Text Include="logs\DML-Threshold.log">
      <Filter>Logs</Filter>
    </Text>
  </ItemGroup>
</Project>